
Microsoft Visual Studio Solution File, Format Version 12.00
# Visual Studio Version 17
VisualStudioVersion = 17.11.35431.28
MinimumVisualStudioVersion = 10.0.40219.1
Project("{FAE04EC0-301F-11D3-BF4B-00C04F79EFBC}") = "dotnet-wApi", "dotnet-wApi\dotnet-wApi.csproj", "{C384EA6D-BB54-4D5E-9EF5-0B4039D860F8}"
EndProject
Project("{9A19103F-16F7-4668-BE54-9A1E7A4F7556}") = "dotnet-core", "..\..\git-module-dotnet-core\dotnet-core\dotnet-core\dotnet-core.csproj", "{7242462E-F32C-47C0-AD6F-7F032C627058}"
EndProject
Global
	GlobalSection(SolutionConfigurationPlatforms) = preSolution
		Debug|Any CPU = Debug|Any CPU
		Release|Any CPU = Release|Any CPU
	EndGlobalSection
	GlobalSection(ProjectConfigurationPlatforms) = postSolution
		{C384EA6D-BB54-4D5E-9EF5-0B4039D860F8}.Debug|Any CPU.ActiveCfg = Debug|Any CPU
		{C384EA6D-BB54-4D5E-9EF5-0B4039D860F8}.Debug|Any CPU.Build.0 = Debug|Any CPU
		{C384EA6D-BB54-4D5E-9EF5-0B4039D860F8}.Release|Any CPU.ActiveCfg = Release|Any CPU
		{C384EA6D-BB54-4D5E-9EF5-0B4039D860F8}.Release|Any CPU.Build.0 = Release|Any CPU
		{7242462E-F32C-47C0-AD6F-7F032C627058}.Debug|Any CPU.ActiveCfg = Debug|Any CPU
		{7242462E-F32C-47C0-AD6F-7F032C627058}.Debug|Any CPU.Build.0 = Debug|Any CPU
		{7242462E-F32C-47C0-AD6F-7F032C627058}.Release|Any CPU.ActiveCfg = Release|Any CPU
		{7242462E-F32C-47C0-AD6F-7F032C627058}.Release|Any CPU.Build.0 = Release|Any CPU
	EndGlobalSection
	GlobalSection(SolutionProperties) = preSolution
		HideSolutionNode = FALSE
	EndGlobalSection
	GlobalSection(ExtensibilityGlobals) = postSolution
		SolutionGuid = {5A0409C6-C121-4A66-A5ED-82EF3FC0D1A0}
	EndGlobalSection
EndGlobal
